// !$*UTF8*$!
{
	archiveVersion = 1;
	classes = {
	};
	objectVersion = 77;
	objects = {

/* Begin PBXBuildFile section */
		003C514FE488F6B4A7093B68 /* MobileMarkdownView.swift in Sources */ = {isa = PBXBuildFile; fileRef = 676AB160EE8E6B87BBCCADCD /* MobileMarkdownView.swift */; };
		1075E903A403FCDECE74CCAF /* MobileWorkspaceService.swift in Sources */ = {isa = PBXBuildFile; fileRef = EBA5D2DE7BCD25E9C9272383 /* MobileWorkspaceService.swift */; };
		186529056A475981F54CC0EE /* MobileDatabaseRowView.swift in Sources */ = {isa = PBXBuildFile; fileRef = F345F63A010D58A27E752557 /* MobileDatabaseRowView.swift */; };
		21075E5928F454EA0CF1CE48 /* MobileAgentHubViewModel.swift in Sources */ = {isa = PBXBuildFile; fileRef = E96C36D3DA3FE4DC21187B5C /* MobileAgentHubViewModel.swift */; };
		2C8D2C7D75E1A7AF5AA40620 /* BugbookCore in Frameworks */ = {isa = PBXBuildFile; productRef = 392A30686598B44A8DFD7C80 /* BugbookCore */; };
		3DD56C2086D8293161F081B5 /* MobileAgentHubView.swift in Sources */ = {isa = PBXBuildFile; fileRef = D92349C20672F074C124ABE0 /* MobileAgentHubView.swift */; };
		53B31E4AE4D91B4CC3F4BF0A /* MobileNotesView.swift in Sources */ = {isa = PBXBuildFile; fileRef = 92913BD04BDDD4708015E297 /* MobileNotesView.swift */; };
		6A3326F45A960AD3B3BB7AEE /* MobileSearchView.swift in Sources */ = {isa = PBXBuildFile; fileRef = 625CAA5B82D2405AB424840C /* MobileSearchView.swift */; };
		97F837C37EF93A792787838F /* MobileNoteFile.swift in Sources */ = {isa = PBXBuildFile; fileRef = 847215B2427AF5A5283AFD4C /* MobileNoteFile.swift */; };
		9ABBFAFAB1A5D5752E6B93B5 /* MobilePageEditorView.swift in Sources */ = {isa = PBXBuildFile; fileRef = 36A47C90345B4FBA93572E35 /* MobilePageEditorView.swift */; };
		BE28F102D9C1BF2D3865B10A /* MobileDatabaseView.swift in Sources */ = {isa = PBXBuildFile; fileRef = 7666F01CC3B53CEF298D74E4 /* MobileDatabaseView.swift */; };
		CDBC085226E77E3ACE8352F2 /* MobileTodayView.swift in Sources */ = {isa = PBXBuildFile; fileRef = 0609EEEE3F32DD2104365025 /* MobileTodayView.swift */; };
		DA61509FF8863E8E9097ECDB /* BugbookMobileiOSApp.swift in Sources */ = {isa = PBXBuildFile; fileRef = CD9342DFF6EB743BE4C4E5FA /* BugbookMobileiOSApp.swift */; };
		E30C7F6B2E2FE79175FC4E5B /* MobileDatabaseListView.swift in Sources */ = {isa = PBXBuildFile; fileRef = C075E7684F7BC2304FC95157 /* MobileDatabaseListView.swift */; };
		F7EE6D302B3760D219B5EAB5 /* MobileRootView.swift in Sources */ = {isa = PBXBuildFile; fileRef = 48C0E8DBED92B6C420662583 /* MobileRootView.swift */; };
/* End PBXBuildFile section */

/* Begin PBXFileReference section */
		0609EEEE3F32DD2104365025 /* MobileTodayView.swift */ = {isa = PBXFileReference; lastKnownFileType = sourcecode.swift; path = MobileTodayView.swift; sourceTree = "<group>"; };
		36A47C90345B4FBA93572E35 /* MobilePageEditorView.swift */ = {isa = PBXFileReference; lastKnownFileType = sourcecode.swift; path = MobilePageEditorView.swift; sourceTree = "<group>"; };
		408DD1BD4A2806883B7D13DB /* BugbookMobileApp.app */ = {isa = PBXFileReference; includeInIndex = 0; lastKnownFileType = wrapper.application; path = BugbookMobileApp.app; sourceTree = BUILT_PRODUCTS_DIR; };
		48C0E8DBED92B6C420662583 /* MobileRootView.swift */ = {isa = PBXFileReference; lastKnownFileType = sourcecode.swift; path = MobileRootView.swift; sourceTree = "<group>"; };
		625CAA5B82D2405AB424840C /* MobileSearchView.swift */ = {isa = PBXFileReference; lastKnownFileType = sourcecode.swift; path = MobileSearchView.swift; sourceTree = "<group>"; };
		676AB160EE8E6B87BBCCADCD /* MobileMarkdownView.swift */ = {isa = PBXFileReference; lastKnownFileType = sourcecode.swift; path = MobileMarkdownView.swift; sourceTree = "<group>"; };
		7666F01CC3B53CEF298D74E4 /* MobileDatabaseView.swift */ = {isa = PBXFileReference; lastKnownFileType = sourcecode.swift; path = MobileDatabaseView.swift; sourceTree = "<group>"; };
		847215B2427AF5A5283AFD4C /* MobileNoteFile.swift */ = {isa = PBXFileReference; lastKnownFileType = sourcecode.swift; path = MobileNoteFile.swift; sourceTree = "<group>"; };
		88FF68C92DC0F881930BAB51 /* BugbookMobile.entitlements */ = {isa = PBXFileReference; lastKnownFileType = text.plist.entitlements; path = BugbookMobile.entitlements; sourceTree = "<group>"; };
		8FA4EC15AFF726A278291B6D /* bugbook */ = {isa = PBXFileReference; lastKnownFileType = folder; name = bugbook; path = ..; sourceTree = SOURCE_ROOT; };
		92913BD04BDDD4708015E297 /* MobileNotesView.swift */ = {isa = PBXFileReference; lastKnownFileType = sourcecode.swift; path = MobileNotesView.swift; sourceTree = "<group>"; };
		C075E7684F7BC2304FC95157 /* MobileDatabaseListView.swift */ = {isa = PBXFileReference; lastKnownFileType = sourcecode.swift; path = MobileDatabaseListView.swift; sourceTree = "<group>"; };
		CD9342DFF6EB743BE4C4E5FA /* BugbookMobileiOSApp.swift */ = {isa = PBXFileReference; lastKnownFileType = sourcecode.swift; path = BugbookMobileiOSApp.swift; sourceTree = "<group>"; };
		D92349C20672F074C124ABE0 /* MobileAgentHubView.swift */ = {isa = PBXFileReference; lastKnownFileType = sourcecode.swift; path = MobileAgentHubView.swift; sourceTree = "<group>"; };
		E96C36D3DA3FE4DC21187B5C /* MobileAgentHubViewModel.swift */ = {isa = PBXFileReference; lastKnownFileType = sourcecode.swift; path = MobileAgentHubViewModel.swift; sourceTree = "<group>"; };
		EBA5D2DE7BCD25E9C9272383 /* MobileWorkspaceService.swift */ = {isa = PBXFileReference; lastKnownFileType = sourcecode.swift; path = MobileWorkspaceService.swift; sourceTree = "<group>"; };
		F345F63A010D58A27E752557 /* MobileDatabaseRowView.swift */ = {isa = PBXFileReference; lastKnownFileType = sourcecode.swift; path = MobileDatabaseRowView.swift; sourceTree = "<group>"; };
/* End PBXFileReference section */

/* Begin PBXFrameworksBuildPhase section */
		48674D56E8D5D546CF02A597 /* Frameworks */ = {
			isa = PBXFrameworksBuildPhase;
			buildActionMask = 2147483647;
			files = (
				2C8D2C7D75E1A7AF5AA40620 /* BugbookCore in Frameworks */,
			);
			runOnlyForDeploymentPostprocessing = 0;
		};
/* End PBXFrameworksBuildPhase section */

/* Begin PBXGroup section */
		256EE5CD4C1538DE1DAFEE33 = {
			isa = PBXGroup;
			children = (
				D27BC83EAFF663B46C407A45 /* App */,
				FF41CECE4D45359BBCEF6638 /* BugbookMobile */,
				7355C073AEC18806C5DD024F /* Packages */,
				2CD5A03DC5535A121B113AAC /* Products */,
			);
			sourceTree = "<group>";
		};
		2CD5A03DC5535A121B113AAC /* Products */ = {
			isa = PBXGroup;
			children = (
				408DD1BD4A2806883B7D13DB /* BugbookMobileApp.app */,
			);
			name = Products;
			sourceTree = "<group>";
		};
		60CA93045E5AFF3F2714495D /* Models */ = {
			isa = PBXGroup;
			children = (
				847215B2427AF5A5283AFD4C /* MobileNoteFile.swift */,
			);
			path = Models;
			sourceTree = "<group>";
		};
		7355C073AEC18806C5DD024F /* Packages */ = {
			isa = PBXGroup;
			children = (
				8FA4EC15AFF726A278291B6D /* bugbook */,
			);
			name = Packages;
			sourceTree = "<group>";
		};
		B05E150363EEA3857A7E22C2 /* Services */ = {
			isa = PBXGroup;
			children = (
				EBA5D2DE7BCD25E9C9272383 /* MobileWorkspaceService.swift */,
			);
			path = Services;
			sourceTree = "<group>";
		};
		C72EEA9D06C1373AE1C66022 /* Views */ = {
			isa = PBXGroup;
			children = (
				D92349C20672F074C124ABE0 /* MobileAgentHubView.swift */,
				C075E7684F7BC2304FC95157 /* MobileDatabaseListView.swift */,
				F345F63A010D58A27E752557 /* MobileDatabaseRowView.swift */,
				7666F01CC3B53CEF298D74E4 /* MobileDatabaseView.swift */,
				676AB160EE8E6B87BBCCADCD /* MobileMarkdownView.swift */,
				92913BD04BDDD4708015E297 /* MobileNotesView.swift */,
				36A47C90345B4FBA93572E35 /* MobilePageEditorView.swift */,
				48C0E8DBED92B6C420662583 /* MobileRootView.swift */,
				625CAA5B82D2405AB424840C /* MobileSearchView.swift */,
				0609EEEE3F32DD2104365025 /* MobileTodayView.swift */,
			);
			path = Views;
			sourceTree = "<group>";
		};
		D27BC83EAFF663B46C407A45 /* App */ = {
			isa = PBXGroup;
			children = (
				88FF68C92DC0F881930BAB51 /* BugbookMobile.entitlements */,
				CD9342DFF6EB743BE4C4E5FA /* BugbookMobileiOSApp.swift */,
			);
			path = App;
			sourceTree = "<group>";
		};
		EF068C7703A2F618BD149117 /* ViewModels */ = {
			isa = PBXGroup;
			children = (
				E96C36D3DA3FE4DC21187B5C /* MobileAgentHubViewModel.swift */,
			);
			path = ViewModels;
			sourceTree = "<group>";
		};
		FF41CECE4D45359BBCEF6638 /* BugbookMobile */ = {
			isa = PBXGroup;
			children = (
				60CA93045E5AFF3F2714495D /* Models */,
				B05E150363EEA3857A7E22C2 /* Services */,
				EF068C7703A2F618BD149117 /* ViewModels */,
				C72EEA9D06C1373AE1C66022 /* Views */,
			);
			name = BugbookMobile;
			path = ../Sources/BugbookMobile;
			sourceTree = "<group>";
		};
/* End PBXGroup section */

/* Begin PBXNativeTarget section */
		411175EE1E9CC8339F26E33D /* BugbookMobileApp */ = {
			isa = PBXNativeTarget;
			buildConfigurationList = A7C4F50810C4856A9C930C86 /* Build configuration list for PBXNativeTarget "BugbookMobileApp" */;
			buildPhases = (
				529E12DB124847A1A74F89B3 /* Sources */,
				48674D56E8D5D546CF02A597 /* Frameworks */,
			);
			buildRules = (
			);
			dependencies = (
			);
			name = BugbookMobileApp;
			packageProductDependencies = (
				392A30686598B44A8DFD7C80 /* BugbookCore */,
			);
			productName = BugbookMobileApp;
			productReference = 408DD1BD4A2806883B7D13DB /* BugbookMobileApp.app */;
			productType = "com.apple.product-type.application";
		};
/* End PBXNativeTarget section */

/* Begin PBXProject section */
		9C4C260448AFA8355793AEC5 /* Project object */ = {
			isa = PBXProject;
			attributes = {
				BuildIndependentTargetsInParallel = YES;
				LastUpgradeCheck = 1430;
			};
			buildConfigurationList = 0BDEF796E8DFF9F95F9E5784 /* Build configuration list for PBXProject "BugbookMobile" */;
			compatibilityVersion = "Xcode 14.0";
			developmentRegion = en;
			hasScannedForEncodings = 0;
			knownRegions = (
				Base,
				en,
			);
			mainGroup = 256EE5CD4C1538DE1DAFEE33;
			minimizedProjectReferenceProxies = 1;
			packageReferences = (
				8BEBD0D2999D585303EF7F9E /* XCLocalSwiftPackageReference ".." */,
			);
			preferredProjectObjectVersion = 77;
			projectDirPath = "";
			projectRoot = "";
			targets = (
				411175EE1E9CC8339F26E33D /* BugbookMobileApp */,
			);
		};
/* End PBXProject section */

/* Begin PBXSourcesBuildPhase section */
		529E12DB124847A1A74F89B3 /* Sources */ = {
			isa = PBXSourcesBuildPhase;
			buildActionMask = 2147483647;
			files = (
				DA61509FF8863E8E9097ECDB /* BugbookMobileiOSApp.swift in Sources */,
				3DD56C2086D8293161F081B5 /* MobileAgentHubView.swift in Sources */,
				21075E5928F454EA0CF1CE48 /* MobileAgentHubViewModel.swift in Sources */,
				E30C7F6B2E2FE79175FC4E5B /* MobileDatabaseListView.swift in Sources */,
				186529056A475981F54CC0EE /* MobileDatabaseRowView.swift in Sources */,
				BE28F102D9C1BF2D3865B10A /* MobileDatabaseView.swift in Sources */,
				003C514FE488F6B4A7093B68 /* MobileMarkdownView.swift in Sources */,
				97F837C37EF93A792787838F /* MobileNoteFile.swift in Sources */,
				53B31E4AE4D91B4CC3F4BF0A /* MobileNotesView.swift in Sources */,
				9ABBFAFAB1A5D5752E6B93B5 /* MobilePageEditorView.swift in Sources */,
				F7EE6D302B3760D219B5EAB5 /* MobileRootView.swift in Sources */,
				6A3326F45A960AD3B3BB7AEE /* MobileSearchView.swift in Sources */,
				CDBC085226E77E3ACE8352F2 /* MobileTodayView.swift in Sources */,
				1075E903A403FCDECE74CCAF /* MobileWorkspaceService.swift in Sources */,
			);
			runOnlyForDeploymentPostprocessing = 0;
		};
/* End PBXSourcesBuildPhase section */

/* Begin XCBuildConfiguration section */
		3D827F42F4DA584514774FD3 /* Debug */ = {
			isa = XCBuildConfiguration;
			buildSettings = {
				ALWAYS_SEARCH_USER_PATHS = NO;
				CLANG_ANALYZER_NONNULL = YES;
				CLANG_ANALYZER_NUMBER_OBJECT_CONVERSION = YES_AGGRESSIVE;
				CLANG_CXX_LANGUAGE_STANDARD = "gnu++14";
				CLANG_CXX_LIBRARY = "libc++";
				CLANG_ENABLE_MODULES = YES;
				CLANG_ENABLE_OBJC_ARC = YES;
				CLANG_ENABLE_OBJC_WEAK = YES;
				CLANG_WARN_BLOCK_CAPTURE_AUTORELEASING = YES;
				CLANG_WARN_BOOL_CONVERSION = YES;
				CLANG_WARN_COMMA = YES;
				CLANG_WARN_CONSTANT_CONVERSION = YES;
				CLANG_WARN_DEPRECATED_OBJC_IMPLEMENTATIONS = YES;
				CLANG_WARN_DIRECT_OBJC_ISA_USAGE = YES_ERROR;
				CLANG_WARN_DOCUMENTATION_COMMENTS = YES;
				CLANG_WARN_EMPTY_BODY = YES;
				CLANG_WARN_ENUM_CONVERSION = YES;
				CLANG_WARN_INFINITE_RECURSION = YES;
				CLANG_WARN_INT_CONVERSION = YES;
				CLANG_WARN_NON_LITERAL_NULL_CONVERSION = YES;
				CLANG_WARN_OBJC_IMPLICIT_RETAIN_SELF = YES;
				CLANG_WARN_OBJC_LITERAL_CONVERSION = YES;
				CLANG_WARN_OBJC_ROOT_CLASS = YES_ERROR;
				CLANG_WARN_QUOTED_INCLUDE_IN_FRAMEWORK_HEADER = YES;
				CLANG_WARN_RANGE_LOOP_ANALYSIS = YES;
				CLANG_WARN_STRICT_PROTOTYPES = YES;
				CLANG_WARN_SUSPICIOUS_MOVE = YES;
				CLANG_WARN_UNGUARDED_AVAILABILITY = YES_AGGRESSIVE;
				CLANG_WARN_UNREACHABLE_CODE = YES;
				CLANG_WARN__DUPLICATE_METHOD_MATCH = YES;
				COPY_PHASE_STRIP = NO;
				DEBUG_INFORMATION_FORMAT = dwarf;
				ENABLE_STRICT_OBJC_MSGSEND = YES;
				ENABLE_TESTABILITY = YES;
				GCC_C_LANGUAGE_STANDARD = gnu11;
				GCC_DYNAMIC_NO_PIC = NO;
				GCC_NO_COMMON_BLOCKS = YES;
				GCC_OPTIMIZATION_LEVEL = 0;
				GCC_PREPROCESSOR_DEFINITIONS = (
					"$(inherited)",
					"DEBUG=1",
				);
				GCC_WARN_64_TO_32_BIT_CONVERSION = YES;
				GCC_WARN_ABOUT_RETURN_TYPE = YES_ERROR;
				GCC_WARN_UNDECLARED_SELECTOR = YES;
				GCC_WARN_UNINITIALIZED_AUTOS = YES_AGGRESSIVE;
				GCC_WARN_UNUSED_FUNCTION = YES;
				GCC_WARN_UNUSED_VARIABLE = YES;
				MTL_ENABLE_DEBUG_INFO = INCLUDE_SOURCE;
				MTL_FAST_MATH = YES;
				ONLY_ACTIVE_ARCH = YES;
				PRODUCT_NAME = "$(TARGET_NAME)";
				SDKROOT = iphoneos;
				SWIFT_ACTIVE_COMPILATION_CONDITIONS = DEBUG;
				SWIFT_OPTIMIZATION_LEVEL = "-Onone";
				SWIFT_VERSION = 5.9;
			};
			name = Debug;
		};
		787D2BBE8A494373532BC0DF /* Release */ = {
			isa = XCBuildConfiguration;
			buildSettings = {
				ALWAYS_SEARCH_USER_PATHS = NO;
				CLANG_ANALYZER_NONNULL = YES;
				CLANG_ANALYZER_NUMBER_OBJECT_CONVERSION = YES_AGGRESSIVE;
				CLANG_CXX_LANGUAGE_STANDARD = "gnu++14";
				CLANG_CXX_LIBRARY = "libc++";
				CLANG_ENABLE_MODULES = YES;
				CLANG_ENABLE_OBJC_ARC = YES;
				CLANG_ENABLE_OBJC_WEAK = YES;
				CLANG_WARN_BLOCK_CAPTURE_AUTORELEASING = YES;
				CLANG_WARN_BOOL_CONVERSION = YES;
				CLANG_WARN_COMMA = YES;
				CLANG_WARN_CONSTANT_CONVERSION = YES;
				CLANG_WARN_DEPRECATED_OBJC_IMPLEMENTATIONS = YES;
				CLANG_WARN_DIRECT_OBJC_ISA_USAGE = YES_ERROR;
				CLANG_WARN_DOCUMENTATION_COMMENTS = YES;
				CLANG_WARN_EMPTY_BODY = YES;
				CLANG_WARN_ENUM_CONVERSION = YES;
				CLANG_WARN_INFINITE_RECURSION = YES;
				CLANG_WARN_INT_CONVERSION = YES;
				CLANG_WARN_NON_LITERAL_NULL_CONVERSION = YES;
				CLANG_WARN_OBJC_IMPLICIT_RETAIN_SELF = YES;
				CLANG_WARN_OBJC_LITERAL_CONVERSION = YES;
				CLANG_WARN_OBJC_ROOT_CLASS = YES_ERROR;
				CLANG_WARN_QUOTED_INCLUDE_IN_FRAMEWORK_HEADER = YES;
				CLANG_WARN_RANGE_LOOP_ANALYSIS = YES;
				CLANG_WARN_STRICT_PROTOTYPES = YES;
				CLANG_WARN_SUSPICIOUS_MOVE = YES;
				CLANG_WARN_UNGUARDED_AVAILABILITY = YES_AGGRESSIVE;
				CLANG_WARN_UNREACHABLE_CODE = YES;
				CLANG_WARN__DUPLICATE_METHOD_MATCH = YES;
				COPY_PHASE_STRIP = NO;
				DEBUG_INFORMATION_FORMAT = "dwarf-with-dsym";
				ENABLE_NS_ASSERTIONS = NO;
				ENABLE_STRICT_OBJC_MSGSEND = YES;
				GCC_C_LANGUAGE_STANDARD = gnu11;
				GCC_NO_COMMON_BLOCKS = YES;
				GCC_WARN_64_TO_32_BIT_CONVERSION = YES;
				GCC_WARN_ABOUT_RETURN_TYPE = YES_ERROR;
				GCC_WARN_UNDECLARED_SELECTOR = YES;
				GCC_WARN_UNINITIALIZED_AUTOS = YES_AGGRESSIVE;
				GCC_WARN_UNUSED_FUNCTION = YES;
				GCC_WARN_UNUSED_VARIABLE = YES;
				MTL_ENABLE_DEBUG_INFO = NO;
				MTL_FAST_MATH = YES;
				PRODUCT_NAME = "$(TARGET_NAME)";
				SDKROOT = iphoneos;
				SWIFT_COMPILATION_MODE = wholemodule;
				SWIFT_OPTIMIZATION_LEVEL = "-O";
				SWIFT_VERSION = 5.9;
			};
			name = Release;
		};
		C415DBB0693B5EB9E1A820F7 /* Release */ = {
			isa = XCBuildConfiguration;
			buildSettings = {
				ASSETCATALOG_COMPILER_APPICON_NAME = AppIcon;
				CODE_SIGN_ENTITLEMENTS = App/BugbookMobile.entitlements;
				CODE_SIGN_IDENTITY = "iPhone Developer";
				GENERATE_INFOPLIST_FILE = YES;
				INFOPLIST_KEY_CFBundleDisplayName = Bugbook;
				INFOPLIST_KEY_UIApplicationSceneManifest_Generation = YES;
				INFOPLIST_KEY_UISupportedInterfaceOrientations_iPad = "UIInterfaceOrientationPortrait UIInterfaceOrientationPortraitUpsideDown UIInterfaceOrientationLandscapeLeft UIInterfaceOrientationLandscapeRight";
				INFOPLIST_KEY_UISupportedInterfaceOrientations_iPhone = "UIInterfaceOrientationPortrait UIInterfaceOrientationLandscapeLeft UIInterfaceOrientationLandscapeRight";
				IPHONEOS_DEPLOYMENT_TARGET = 17.0;
				LD_RUNPATH_SEARCH_PATHS = (
					"$(inherited)",
					"@executable_path/Frameworks",
				);
				PRODUCT_BUNDLE_IDENTIFIER = com.maxforsey.BugbookMobile;
				PRODUCT_NAME = Bugbook;
				SDKROOT = iphoneos;
				TARGETED_DEVICE_FAMILY = "1,2";
			};
			name = Release;
		};
		E50B2DE21D8E0E195B045583 /* Debug */ = {
			isa = XCBuildConfiguration;
			buildSettings = {
				ASSETCATALOG_COMPILER_APPICON_NAME = AppIcon;
				CODE_SIGN_ENTITLEMENTS = App/BugbookMobile.entitlements;
				CODE_SIGN_IDENTITY = "iPhone Developer";
				GENERATE_INFOPLIST_FILE = YES;
				INFOPLIST_KEY_CFBundleDisplayName = Bugbook;
				INFOPLIST_KEY_UIApplicationSceneManifest_Generation = YES;
				INFOPLIST_KEY_UISupportedInterfaceOrientations_iPad = "UIInterfaceOrientationPortrait UIInterfaceOrientationPortraitUpsideDown UIInterfaceOrientationLandscapeLeft UIInterfaceOrientationLandscapeRight";
				INFOPLIST_KEY_UISupportedInterfaceOrientations_iPhone = "UIInterfaceOrientationPortrait UIInterfaceOrientationLandscapeLeft UIInterfaceOrientationLandscapeRight";
				IPHONEOS_DEPLOYMENT_TARGET = 17.0;
				LD_RUNPATH_SEARCH_PATHS = (
					"$(inherited)",
					"@executable_path/Frameworks",
				);
				PRODUCT_BUNDLE_IDENTIFIER = com.maxforsey.BugbookMobile;
				PRODUCT_NAME = Bugbook;
				SDKROOT = iphoneos;
				TARGETED_DEVICE_FAMILY = "1,2";
			};
			name = Debug;
		};
/* End XCBuildConfiguration section */

/* Begin XCConfigurationList section */
		0BDEF796E8DFF9F95F9E5784 /* Build configuration list for PBXProject "BugbookMobile" */ = {
			isa = XCConfigurationList;
			buildConfigurations = (
				3D827F42F4DA584514774FD3 /* Debug */,
				787D2BBE8A494373532BC0DF /* Release */,
			);
			defaultConfigurationIsVisible = 0;
			defaultConfigurationName = Debug;
		};
		A7C4F50810C4856A9C930C86 /* Build configuration list for PBXNativeTarget "BugbookMobileApp" */ = {
			isa = XCConfigurationList;
			buildConfigurations = (
				E50B2DE21D8E0E195B045583 /* Debug */,
				C415DBB0693B5EB9E1A820F7 /* Release */,
			);
			defaultConfigurationIsVisible = 0;
			defaultConfigurationName = Debug;
		};
/* End XCConfigurationList section */

/* Begin XCLocalSwiftPackageReference section */
		8BEBD0D2999D585303EF7F9E /* XCLocalSwiftPackageReference ".." */ = {
			isa = XCLocalSwiftPackageReference;
			relativePath = ..;
		};
/* End XCLocalSwiftPackageReference section */

/* Begin XCSwiftPackageProductDependency section */
		392A30686598B44A8DFD7C80 /* BugbookCore */ = {
			isa = XCSwiftPackageProductDependency;
			productName = BugbookCore;
		};
/* End XCSwiftPackageProductDependency section */
	};
	rootObject = 9C4C260448AFA8355793AEC5 /* Project object */;
}
